
Microsoft Visual Studio Solution File, Format Version 10.00
# Visual Studio 2008
Project("{8BC9CEB8-8B4A-11D0-8D11-00A0C91BC942}") = "atomic", "atomic.vcproj", "{68A6CCAD-3E00-4791-9731-27B59578CAA6}"
	ProjectSection(ProjectDependencies) = postProject
		{9EF1B96E-375A-46D3-9181-882E6EB3DA6A} = {9EF1B96E-375A-46D3-9181-882E6EB3DA6A}
	EndProjectSection
EndProject
Project("{8BC9CEB8-8B4A-11D0-8D11-00A0C91BC942}") = "shader", "shader.vcproj", "{9EF1B96E-375A-46D3-9181-882E6EB3DA6A}"
EndProject
Global
	GlobalSection(SolutionConfigurationPlatforms) = preSolution
		Debug|Win32 = Debug|Win32
		Release|Win32 = Release|Win32
	EndGlobalSection
	GlobalSection(ProjectConfigurationPlatforms) = postSolution
		{68A6CCAD-3E00-4791-9731-27B59578CAA6}.Debug|Win32.ActiveCfg = Debug|Win32
		{68A6CCAD-3E00-4791-9731-27B59578CAA6}.Debug|Win32.Build.0 = Debug|Win32
		{68A6CCAD-3E00-4791-9731-27B59578CAA6}.Release|Win32.ActiveCfg = Release|Win32
		{68A6CCAD-3E00-4791-9731-27B59578CAA6}.Release|Win32.Build.0 = Release|Win32
		{9EF1B96E-375A-46D3-9181-882E6EB3DA6A}.Debug|Win32.ActiveCfg = Debug|Win32
		{9EF1B96E-375A-46D3-9181-882E6EB3DA6A}.Debug|Win32.Build.0 = Debug|Win32
		{9EF1B96E-375A-46D3-9181-882E6EB3DA6A}.Release|Win32.ActiveCfg = Release|Win32
		{9EF1B96E-375A-46D3-9181-882E6EB3DA6A}.Release|Win32.Build.0 = Release|Win32
	EndGlobalSection
	GlobalSection(SolutionProperties) = preSolution
		HideSolutionNode = FALSE
	EndGlobalSection
EndGlobal
