
Microsoft Visual Studio Solution File, Format Version 11.00
# Visual Studio 2010
Project("{8BC9CEB8-8B4A-11D0-8D11-00A0C91BC942}") = "shader", "shader.vcxproj", "{9EF1B96E-375A-46D3-9181-882E6EB3DA6A}"
EndProject
Project("{8BC9CEB8-8B4A-11D0-8D11-00A0C91BC942}") = "atomic", "atomic.vcxproj", "{A8F5B4BE-0942-4A93-BBFE-0716BEAC2551}"
	ProjectSection(ProjectDependencies) = postProject
		{9EF1B96E-375A-46D3-9181-882E6EB3DA6A} = {9EF1B96E-375A-46D3-9181-882E6EB3DA6A}
		{8D4B1790-F166-4122-9CE6-8AF10214ED82} = {8D4B1790-F166-4122-9CE6-8AF10214ED82}
		{8835B2E2-7EE3-4705-B31C-15C7C5091D34} = {8835B2E2-7EE3-4705-B31C-15C7C5091D34}
	EndProjectSection
EndProject
Project("{8BC9CEB8-8B4A-11D0-8D11-00A0C91BC942}") = "ist", "ist.vcxproj", "{8D4B1790-F166-4122-9CE6-8AF10214ED82}"
EndProject
Project("{8BC9CEB8-8B4A-11D0-8D11-00A0C91BC942}") = "psym", "psym\psym.vcxproj", "{8835B2E2-7EE3-4705-B31C-15C7C5091D34}"
EndProject
Project("{8BC9CEB8-8B4A-11D0-8D11-00A0C91BC942}") = "iui", "iui.vcxproj", "{7674C6F9-A478-46C7-BF6C-13674B96C396}"
EndProject
Global
	GlobalSection(SolutionConfigurationPlatforms) = preSolution
		Debug|Win32 = Debug|Win32
		Debug|x64 = Debug|x64
		Intel_SSA|Win32 = Intel_SSA|Win32
		Intel_SSA|x64 = Intel_SSA|x64
		Master|Win32 = Master|Win32
		Master|x64 = Master|x64
		Release|Win32 = Release|Win32
		Release|x64 = Release|x64
	EndGlobalSection
	GlobalSection(ProjectConfigurationPlatforms) = postSolution
		{9EF1B96E-375A-46D3-9181-882E6EB3DA6A}.Debug|Win32.ActiveCfg = Debug|Win32
		{9EF1B96E-375A-46D3-9181-882E6EB3DA6A}.Debug|Win32.Build.0 = Debug|Win32
		{9EF1B96E-375A-46D3-9181-882E6EB3DA6A}.Debug|x64.ActiveCfg = Debug|Win32
		{9EF1B96E-375A-46D3-9181-882E6EB3DA6A}.Intel_SSA|Win32.ActiveCfg = Intel_SSA|Win32
		{9EF1B96E-375A-46D3-9181-882E6EB3DA6A}.Intel_SSA|Win32.Build.0 = Intel_SSA|Win32
		{9EF1B96E-375A-46D3-9181-882E6EB3DA6A}.Intel_SSA|x64.ActiveCfg = Intel_SSA|Win32
		{9EF1B96E-375A-46D3-9181-882E6EB3DA6A}.Master|Win32.ActiveCfg = Master|Win32
		{9EF1B96E-375A-46D3-9181-882E6EB3DA6A}.Master|Win32.Build.0 = Master|Win32
		{9EF1B96E-375A-46D3-9181-882E6EB3DA6A}.Master|x64.ActiveCfg = Master|Win32
		{9EF1B96E-375A-46D3-9181-882E6EB3DA6A}.Release|Win32.ActiveCfg = Release|Win32
		{9EF1B96E-375A-46D3-9181-882E6EB3DA6A}.Release|Win32.Build.0 = Release|Win32
		{9EF1B96E-375A-46D3-9181-882E6EB3DA6A}.Release|x64.ActiveCfg = Release|Win32
		{A8F5B4BE-0942-4A93-BBFE-0716BEAC2551}.Debug|Win32.ActiveCfg = Debug|Win32
		{A8F5B4BE-0942-4A93-BBFE-0716BEAC2551}.Debug|Win32.Build.0 = Debug|Win32
		{A8F5B4BE-0942-4A93-BBFE-0716BEAC2551}.Debug|x64.ActiveCfg = Debug|Win32
		{A8F5B4BE-0942-4A93-BBFE-0716BEAC2551}.Intel_SSA|Win32.ActiveCfg = Intel_SSA|Win32
		{A8F5B4BE-0942-4A93-BBFE-0716BEAC2551}.Intel_SSA|Win32.Build.0 = Intel_SSA|Win32
		{A8F5B4BE-0942-4A93-BBFE-0716BEAC2551}.Intel_SSA|x64.ActiveCfg = Intel_SSA|Win32
		{A8F5B4BE-0942-4A93-BBFE-0716BEAC2551}.Master|Win32.ActiveCfg = Master|Win32
		{A8F5B4BE-0942-4A93-BBFE-0716BEAC2551}.Master|Win32.Build.0 = Master|Win32
		{A8F5B4BE-0942-4A93-BBFE-0716BEAC2551}.Master|x64.ActiveCfg = Master|Win32
		{A8F5B4BE-0942-4A93-BBFE-0716BEAC2551}.Release|Win32.ActiveCfg = Release|Win32
		{A8F5B4BE-0942-4A93-BBFE-0716BEAC2551}.Release|Win32.Build.0 = Release|Win32
		{A8F5B4BE-0942-4A93-BBFE-0716BEAC2551}.Release|x64.ActiveCfg = Release|Win32
		{8D4B1790-F166-4122-9CE6-8AF10214ED82}.Debug|Win32.ActiveCfg = Debug|Win32
		{8D4B1790-F166-4122-9CE6-8AF10214ED82}.Debug|Win32.Build.0 = Debug|Win32
		{8D4B1790-F166-4122-9CE6-8AF10214ED82}.Debug|x64.ActiveCfg = Debug|Win32
		{8D4B1790-F166-4122-9CE6-8AF10214ED82}.Intel_SSA|Win32.ActiveCfg = Release|Win32
		{8D4B1790-F166-4122-9CE6-8AF10214ED82}.Intel_SSA|Win32.Build.0 = Release|Win32
		{8D4B1790-F166-4122-9CE6-8AF10214ED82}.Intel_SSA|x64.ActiveCfg = Release|Win32
		{8D4B1790-F166-4122-9CE6-8AF10214ED82}.Master|Win32.ActiveCfg = Master|Win32
		{8D4B1790-F166-4122-9CE6-8AF10214ED82}.Master|Win32.Build.0 = Master|Win32
		{8D4B1790-F166-4122-9CE6-8AF10214ED82}.Master|x64.ActiveCfg = Release|Win32
		{8D4B1790-F166-4122-9CE6-8AF10214ED82}.Release|Win32.ActiveCfg = Release|Win32
		{8D4B1790-F166-4122-9CE6-8AF10214ED82}.Release|Win32.Build.0 = Release|Win32
		{8D4B1790-F166-4122-9CE6-8AF10214ED82}.Release|x64.ActiveCfg = Release|Win32
		{8835B2E2-7EE3-4705-B31C-15C7C5091D34}.Debug|Win32.ActiveCfg = Debug|Win32
		{8835B2E2-7EE3-4705-B31C-15C7C5091D34}.Debug|Win32.Build.0 = Debug|Win32
		{8835B2E2-7EE3-4705-B31C-15C7C5091D34}.Debug|x64.ActiveCfg = Debug|Win32
		{8835B2E2-7EE3-4705-B31C-15C7C5091D34}.Intel_SSA|Win32.ActiveCfg = Release|Win32
		{8835B2E2-7EE3-4705-B31C-15C7C5091D34}.Intel_SSA|Win32.Build.0 = Release|Win32
		{8835B2E2-7EE3-4705-B31C-15C7C5091D34}.Intel_SSA|x64.ActiveCfg = Release|Win32
		{8835B2E2-7EE3-4705-B31C-15C7C5091D34}.Master|Win32.ActiveCfg = Master|Win32
		{8835B2E2-7EE3-4705-B31C-15C7C5091D34}.Master|Win32.Build.0 = Master|Win32
		{8835B2E2-7EE3-4705-B31C-15C7C5091D34}.Master|x64.ActiveCfg = Release|Win32
		{8835B2E2-7EE3-4705-B31C-15C7C5091D34}.Release|Win32.ActiveCfg = Release|Win32
		{8835B2E2-7EE3-4705-B31C-15C7C5091D34}.Release|Win32.Build.0 = Release|Win32
		{8835B2E2-7EE3-4705-B31C-15C7C5091D34}.Release|x64.ActiveCfg = Release|Win32
		{7674C6F9-A478-46C7-BF6C-13674B96C396}.Debug|Win32.ActiveCfg = Debug|Win32
		{7674C6F9-A478-46C7-BF6C-13674B96C396}.Debug|Win32.Build.0 = Debug|Win32
		{7674C6F9-A478-46C7-BF6C-13674B96C396}.Debug|x64.ActiveCfg = Debug|Win32
		{7674C6F9-A478-46C7-BF6C-13674B96C396}.Intel_SSA|Win32.ActiveCfg = Release|Win32
		{7674C6F9-A478-46C7-BF6C-13674B96C396}.Intel_SSA|Win32.Build.0 = Release|Win32
		{7674C6F9-A478-46C7-BF6C-13674B96C396}.Intel_SSA|x64.ActiveCfg = Release|Win32
		{7674C6F9-A478-46C7-BF6C-13674B96C396}.Master|Win32.ActiveCfg = Master|Win32
		{7674C6F9-A478-46C7-BF6C-13674B96C396}.Master|Win32.Build.0 = Master|Win32
		{7674C6F9-A478-46C7-BF6C-13674B96C396}.Master|x64.ActiveCfg = Release|Win32
		{7674C6F9-A478-46C7-BF6C-13674B96C396}.Release|Win32.ActiveCfg = Release|Win32
		{7674C6F9-A478-46C7-BF6C-13674B96C396}.Release|Win32.Build.0 = Release|Win32
		{7674C6F9-A478-46C7-BF6C-13674B96C396}.Release|x64.ActiveCfg = Release|Win32
	EndGlobalSection
	GlobalSection(SolutionProperties) = preSolution
		HideSolutionNode = FALSE
	EndGlobalSection
EndGlobal
