<?xml version="1.0" encoding="utf-8"?>
<Project ToolsVersion="4.0" xmlns="http://schemas.microsoft.com/developer/msbuild/2003">
  <ItemGroup>
    <Filter Include="Game">
      <UniqueIdentifier>{ea30a809-02f7-432f-8d07-b19fe2870d90}</UniqueIdentifier>
    </Filter>
    <Filter Include="Graphics">
      <UniqueIdentifier>{4befe200-1d0b-45fa-bf70-3fa44710a14a}</UniqueIdentifier>
    </Filter>
    <Filter Include="ist">
      <UniqueIdentifier>{c485548d-534f-4cba-a10f-492e8b842645}</UniqueIdentifier>
    </Filter>
    <Filter Include="ist\Window">
      <UniqueIdentifier>{dc2cf0b7-23df-412b-987f-ae8daa20fb90}</UniqueIdentifier>
    </Filter>
    <Filter Include="ist\Base">
      <UniqueIdentifier>{04f6313c-6079-47a6-b628-0a5180974495}</UniqueIdentifier>
    </Filter>
    <Filter Include="ist\Graphics">
      <UniqueIdentifier>{475cd075-b1e1-4d34-9438-d1352afa54d4}</UniqueIdentifier>
    </Filter>
    <Filter Include="ist\Math">
      <UniqueIdentifier>{01f0480f-e37f-403b-aedb-b9703bca9f42}</UniqueIdentifier>
    </Filter>
    <Filter Include="ist\Math\SFMT">
      <UniqueIdentifier>{08652a54-0221-447e-a05e-cde60fa2503d}</UniqueIdentifier>
    </Filter>
    <Filter Include="Shader">
      <UniqueIdentifier>{6def42b1-51b3-412a-bee1-1d0a462e2416}</UniqueIdentifier>
    </Filter>
    <Filter Include="Sound">
      <UniqueIdentifier>{ae8965f0-cc3f-4ee1-bf6e-87b420fdae61}</UniqueIdentifier>
    </Filter>
    <Filter Include="GPGPU">
      <UniqueIdentifier>{52955f27-e438-4826-83dd-8b9437ee15cc}</UniqueIdentifier>
    </Filter>
    <Filter Include="ist\Sound">
      <UniqueIdentifier>{f4927df5-d398-443e-9b8e-1365e12cb98f}</UniqueIdentifier>
    </Filter>
  </ItemGroup>
  <ItemGroup>
    <ClCompile Include="Game\AtomicApplication.cpp">
      <Filter>Game</Filter>
    </ClCompile>
    <ClCompile Include="Game\AtomicGame.cpp">
      <Filter>Game</Filter>
    </ClCompile>
    <ClCompile Include="Game\Bullet.cpp">
      <Filter>Game</Filter>
    </ClCompile>
    <ClCompile Include="Game\Character.cpp">
      <Filter>Game</Filter>
    </ClCompile>
    <ClCompile Include="Game\Force.cpp">
      <Filter>Game</Filter>
    </ClCompile>
    <ClCompile Include="Game\Force_Gravity.cpp">
      <Filter>Game</Filter>
    </ClCompile>
    <ClCompile Include="Game\Fraction.cpp">
      <Filter>Game</Filter>
    </ClCompile>
    <ClCompile Include="Game\Message.cpp">
      <Filter>Game</Filter>
    </ClCompile>
    <ClCompile Include="Game\VFX.cpp">
      <Filter>Game</Filter>
    </ClCompile>
    <ClCompile Include="Game\World.cpp">
      <Filter>Game</Filter>
    </ClCompile>
    <ClCompile Include="Graphics\CreateModelData.cpp">
      <Filter>Graphics</Filter>
    </ClCompile>
    <ClCompile Include="Graphics\ResourceManager.cpp">
      <Filter>Graphics</Filter>
    </ClCompile>
    <ClCompile Include="Graphics\Renderer.cpp">
      <Filter>Graphics</Filter>
    </ClCompile>
    <ClCompile Include="Graphics\Shader.cpp">
      <Filter>Graphics</Filter>
    </ClCompile>
    <ClCompile Include="ist\Window\Application.cpp">
      <Filter>ist\Window</Filter>
    </ClCompile>
    <ClCompile Include="ist\Base\Allocator.cpp">
      <Filter>ist\Base</Filter>
    </ClCompile>
    <ClCompile Include="ist\Base\Assert.cpp">
      <Filter>ist\Base</Filter>
    </ClCompile>
    <ClCompile Include="ist\Base\FileLoader.cpp">
      <Filter>ist\Base</Filter>
    </ClCompile>
    <ClCompile Include="ist\Base\TaskScheduler.cpp">
      <Filter>ist\Base</Filter>
    </ClCompile>
    <ClCompile Include="ist\Graphics\FrameBufferObject.cpp">
      <Filter>ist\Graphics</Filter>
    </ClCompile>
    <ClCompile Include="ist\Graphics\GraphicsResource.cpp">
      <Filter>ist\Graphics</Filter>
    </ClCompile>
    <ClCompile Include="ist\Graphics\ShaderObject.cpp">
      <Filter>ist\Graphics</Filter>
    </ClCompile>
    <ClCompile Include="ist\Math\Linear.cpp">
      <Filter>ist\Math</Filter>
    </ClCompile>
    <ClCompile Include="ist\Math\SFMT\SFMT.cpp">
      <Filter>ist\Math\SFMT</Filter>
    </ClCompile>
    <ClCompile Include="shader\glsl_source.cpp">
      <Filter>Shader</Filter>
    </ClCompile>
    <ClCompile Include="main.cpp" />
    <ClCompile Include="stdafx.cpp" />
    <ClCompile Include="ist\Sound\Listener.cpp">
      <Filter>ist\Sound</Filter>
    </ClCompile>
    <ClCompile Include="ist\Sound\Buffer.cpp">
      <Filter>ist\Sound</Filter>
    </ClCompile>
    <ClCompile Include="ist\Sound\OggVorbis.cpp">
      <Filter>ist\Sound</Filter>
    </ClCompile>
    <ClCompile Include="ist\Sound\Internal.cpp">
      <Filter>ist\Sound</Filter>
    </ClCompile>
    <ClCompile Include="ist\Sound\System.cpp">
      <Filter>ist\Sound</Filter>
    </ClCompile>
    <ClCompile Include="ist\Sound\Stream.cpp">
      <Filter>ist\Sound</Filter>
    </ClCompile>
    <ClCompile Include="ist\Sound\SourceSet.cpp">
      <Filter>ist\Sound</Filter>
    </ClCompile>
    <ClCompile Include="ist\Sound\Source.cpp">
      <Filter>ist\Sound</Filter>
    </ClCompile>
    <ClCompile Include="ist\Sound\SoundUtil.cpp">
      <Filter>ist\Sound</Filter>
    </ClCompile>
    <ClCompile Include="ist\Graphics\GraphicsUtil.cpp">
      <Filter>ist\Graphics</Filter>
    </ClCompile>
    <ClCompile Include="Sound\AtomicSound.cpp">
      <Filter>Sound</Filter>
    </ClCompile>
    <ClCompile Include="ist\Graphics\Font.cpp">
      <Filter>ist\Graphics</Filter>
    </ClCompile>
    <ClCompile Include="ist\Graphics\BufferObject.cpp">
      <Filter>ist\Graphics</Filter>
    </ClCompile>
    <ClCompile Include="ist\Graphics\Camera.cpp">
      <Filter>ist\Graphics</Filter>
    </ClCompile>
    <ClCompile Include="Game\Text.cpp">
      <Filter>Game</Filter>
    </ClCompile>
    <ClCompile Include="Game\DebugConsole.cpp">
      <Filter>Game</Filter>
    </ClCompile>
    <ClCompile Include="ist\Base\ClassInfo.cpp">
      <Filter>ist\Base</Filter>
    </ClCompile>
    <ClCompile Include="Graphics\ParticleSet.cpp">
      <Filter>Graphics</Filter>
    </ClCompile>
    <ClCompile Include="ist\Math\Constants.cpp">
      <Filter>ist\Math</Filter>
    </ClCompile>
  </ItemGroup>
  <ItemGroup>
    <ClInclude Include="Game\AtomicApplication.h">
      <Filter>Game</Filter>
    </ClInclude>
    <ClInclude Include="Game\AtomicGame.h">
      <Filter>Game</Filter>
    </ClInclude>
    <ClInclude Include="Game\Bullet.h">
      <Filter>Game</Filter>
    </ClInclude>
    <ClInclude Include="Game\Bullet_Subset.h">
      <Filter>Game</Filter>
    </ClInclude>
    <ClInclude Include="Game\Character.h">
      <Filter>Game</Filter>
    </ClInclude>
    <ClInclude Include="Game\Force.h">
      <Filter>Game</Filter>
    </ClInclude>
    <ClInclude Include="Game\Force_Gravity.h">
      <Filter>Game</Filter>
    </ClInclude>
    <ClInclude Include="Game\Fraction.h">
      <Filter>Game</Filter>
    </ClInclude>
    <ClInclude Include="Game\Message.h">
      <Filter>Game</Filter>
    </ClInclude>
    <ClInclude Include="Game\VFX.h">
      <Filter>Game</Filter>
    </ClInclude>
    <ClInclude Include="Game\World.h">
      <Filter>Game</Filter>
    </ClInclude>
    <ClInclude Include="Graphics\CreateModelData.h">
      <Filter>Graphics</Filter>
    </ClInclude>
    <ClInclude Include="Graphics\ResourceManager.h">
      <Filter>Graphics</Filter>
    </ClInclude>
    <ClInclude Include="Graphics\Renderer.h">
      <Filter>Graphics</Filter>
    </ClInclude>
    <ClInclude Include="Graphics\Shader.h">
      <Filter>Graphics</Filter>
    </ClInclude>
    <ClInclude Include="ist\Base.h">
      <Filter>ist</Filter>
    </ClInclude>
    <ClInclude Include="ist\Graphics.h">
      <Filter>ist</Filter>
    </ClInclude>
    <ClInclude Include="ist\GraphicsUtil.h">
      <Filter>ist</Filter>
    </ClInclude>
    <ClInclude Include="ist\ist.h">
      <Filter>ist</Filter>
    </ClInclude>
    <ClInclude Include="ist\Math.h">
      <Filter>ist</Filter>
    </ClInclude>
    <ClInclude Include="ist\Window.h">
      <Filter>ist</Filter>
    </ClInclude>
    <ClInclude Include="ist\Window\Application.h">
      <Filter>ist\Window</Filter>
    </ClInclude>
    <ClInclude Include="ist\Base\Allocator.h">
      <Filter>ist\Base</Filter>
    </ClInclude>
    <ClInclude Include="ist\Base\Assert.h">
      <Filter>ist\Base</Filter>
    </ClInclude>
    <ClInclude Include="ist\Base\BinaryStream.h">
      <Filter>ist\Base</Filter>
    </ClInclude>
    <ClInclude Include="ist\Base\FileLoader.h">
      <Filter>ist\Base</Filter>
    </ClInclude>
    <ClInclude Include="ist\Base\New.h">
      <Filter>ist\Base</Filter>
    </ClInclude>
    <ClInclude Include="ist\Base\TaskScheduler.h">
      <Filter>ist\Base</Filter>
    </ClInclude>
    <ClInclude Include="ist\Graphics\BufferObject.h">
      <Filter>ist\Graphics</Filter>
    </ClInclude>
    <ClInclude Include="ist\Graphics\Camera.h">
      <Filter>ist\Graphics</Filter>
    </ClInclude>
    <ClInclude Include="ist\Graphics\DrawCommand.h">
      <Filter>ist\Graphics</Filter>
    </ClInclude>
    <ClInclude Include="ist\Graphics\FrameBufferObject.h">
      <Filter>ist\Graphics</Filter>
    </ClInclude>
    <ClInclude Include="ist\Graphics\GraphicsAssert.h">
      <Filter>ist\Graphics</Filter>
    </ClInclude>
    <ClInclude Include="ist\Graphics\GraphicsResource.h">
      <Filter>ist\Graphics</Filter>
    </ClInclude>
    <ClInclude Include="ist\Graphics\ShaderObject.h">
      <Filter>ist\Graphics</Filter>
    </ClInclude>
    <ClInclude Include="ist\Graphics\types.h">
      <Filter>ist\Graphics</Filter>
    </ClInclude>
    <ClInclude Include="ist\Math\Linear.h">
      <Filter>ist\Math</Filter>
    </ClInclude>
    <ClInclude Include="ist\Math\SoA.h">
      <Filter>ist\Math</Filter>
    </ClInclude>
    <ClInclude Include="ist\Math\SFMT\SFMT-alti.h">
      <Filter>ist\Math\SFMT</Filter>
    </ClInclude>
    <ClInclude Include="ist\Math\SFMT\SFMT-params.h">
      <Filter>ist\Math\SFMT</Filter>
    </ClInclude>
    <ClInclude Include="ist\Math\SFMT\SFMT-params11213.h">
      <Filter>ist\Math\SFMT</Filter>
    </ClInclude>
    <ClInclude Include="ist\Math\SFMT\SFMT-params1279.h">
      <Filter>ist\Math\SFMT</Filter>
    </ClInclude>
    <ClInclude Include="ist\Math\SFMT\SFMT-params132049.h">
      <Filter>ist\Math\SFMT</Filter>
    </ClInclude>
    <ClInclude Include="ist\Math\SFMT\SFMT-params19937.h">
      <Filter>ist\Math\SFMT</Filter>
    </ClInclude>
    <ClInclude Include="ist\Math\SFMT\SFMT-params216091.h">
      <Filter>ist\Math\SFMT</Filter>
    </ClInclude>
    <ClInclude Include="ist\Math\SFMT\SFMT-params2281.h">
      <Filter>ist\Math\SFMT</Filter>
    </ClInclude>
    <ClInclude Include="ist\Math\SFMT\SFMT-params4253.h">
      <Filter>ist\Math\SFMT</Filter>
    </ClInclude>
    <ClInclude Include="ist\Math\SFMT\SFMT-params44497.h">
      <Filter>ist\Math\SFMT</Filter>
    </ClInclude>
    <ClInclude Include="ist\Math\SFMT\SFMT-params607.h">
      <Filter>ist\Math\SFMT</Filter>
    </ClInclude>
    <ClInclude Include="ist\Math\SFMT\SFMT-params86243.h">
      <Filter>ist\Math\SFMT</Filter>
    </ClInclude>
    <ClInclude Include="ist\Math\SFMT\SFMT-sse2.h">
      <Filter>ist\Math\SFMT</Filter>
    </ClInclude>
    <ClInclude Include="ist\Math\SFMT\SFMT.h">
      <Filter>ist\Math\SFMT</Filter>
    </ClInclude>
    <ClInclude Include="shader\glsl_source.h">
      <Filter>Shader</Filter>
    </ClInclude>
    <ClInclude Include="types.h" />
    <ClInclude Include="stdafx.h" />
    <ClInclude Include="GPGPU\SPH.cuh">
      <Filter>GPGPU</Filter>
    </ClInclude>
    <ClInclude Include="ist\Sound.h">
      <Filter>ist</Filter>
    </ClInclude>
    <ClInclude Include="ist\Sound\Buffer.h">
      <Filter>ist\Sound</Filter>
    </ClInclude>
    <ClInclude Include="ist\Sound\Listener.h">
      <Filter>ist\Sound</Filter>
    </ClInclude>
    <ClInclude Include="ist\Sound\OggVorbis.h">
      <Filter>ist\Sound</Filter>
    </ClInclude>
    <ClInclude Include="ist\Sound\Source.h">
      <Filter>ist\Sound</Filter>
    </ClInclude>
    <ClInclude Include="ist\Sound\SourceSet.h">
      <Filter>ist\Sound</Filter>
    </ClInclude>
    <ClInclude Include="ist\Sound\Stream.h">
      <Filter>ist\Sound</Filter>
    </ClInclude>
    <ClInclude Include="ist\Sound\Internal.h">
      <Filter>ist\Sound</Filter>
    </ClInclude>
    <ClInclude Include="ist\Sound\System.h">
      <Filter>ist\Sound</Filter>
    </ClInclude>
    <ClInclude Include="ist\Sound\types.h">
      <Filter>ist\Sound</Filter>
    </ClInclude>
    <ClInclude Include="ist\Sound\SoundUtil.h">
      <Filter>ist\Sound</Filter>
    </ClInclude>
    <ClInclude Include="ist\Graphics\GraphicsUtil.h">
      <Filter>ist\Graphics</Filter>
    </ClInclude>
    <ClInclude Include="Sound\AtomicSound.h">
      <Filter>Sound</Filter>
    </ClInclude>
    <ClInclude Include="ist\Graphics\Font.h">
      <Filter>ist\Graphics</Filter>
    </ClInclude>
    <ClInclude Include="Graphics\Light.h">
      <Filter>Graphics</Filter>
    </ClInclude>
    <ClInclude Include="Game\Text.h">
      <Filter>Game</Filter>
    </ClInclude>
    <ClInclude Include="Game\DebugConsole.h">
      <Filter>Game</Filter>
    </ClInclude>
    <ClInclude Include="ist\Window\InputState.h">
      <Filter>ist\Window</Filter>
    </ClInclude>
    <ClInclude Include="ist\Window\WindowMessage.h">
      <Filter>ist\Window</Filter>
    </ClInclude>
    <ClInclude Include="ist\Base\Variant.h">
      <Filter>ist\Base</Filter>
    </ClInclude>
    <ClInclude Include="ist\Base\ClassInfo.h">
      <Filter>ist\Base</Filter>
    </ClInclude>
    <ClInclude Include="Graphics\ParticleSet.h">
      <Filter>Graphics</Filter>
    </ClInclude>
    <ClInclude Include="ist\Math\Constants.h">
      <Filter>ist\Math</Filter>
    </ClInclude>
  </ItemGroup>
  <ItemGroup>
    <None Include="Game\Force_Gravity.inl">
      <Filter>Game</Filter>
    </None>
    <None Include="GPGPU\SPH_internal.cuh">
      <Filter>GPGPU</Filter>
    </None>
  </ItemGroup>
  <ItemGroup>
    <CudaCompile Include="GPGPU\SPH.cu">
      <Filter>GPGPU</Filter>
    </CudaCompile>
  </ItemGroup>
</Project>