<?xml version="1.0" encoding="utf-8"?>
<Project ToolsVersion="4.0" xmlns="http://schemas.microsoft.com/developer/msbuild/2003">
  <ItemGroup>
    <Filter Include="Game">
      <UniqueIdentifier>{ea30a809-02f7-432f-8d07-b19fe2870d90}</UniqueIdentifier>
    </Filter>
    <Filter Include="Graphics">
      <UniqueIdentifier>{4befe200-1d0b-45fa-bf70-3fa44710a14a}</UniqueIdentifier>
    </Filter>
    <Filter Include="Shader">
      <UniqueIdentifier>{6def42b1-51b3-412a-bee1-1d0a462e2416}</UniqueIdentifier>
    </Filter>
    <Filter Include="Sound">
      <UniqueIdentifier>{ae8965f0-cc3f-4ee1-bf6e-87b420fdae61}</UniqueIdentifier>
    </Filter>
    <Filter Include="GPGPU">
      <UniqueIdentifier>{52955f27-e438-4826-83dd-8b9437ee15cc}</UniqueIdentifier>
    </Filter>
    <Filter Include="Game\Entity">
      <UniqueIdentifier>{1f1a3bf3-079c-4653-90b2-5e697bd4f0df}</UniqueIdentifier>
    </Filter>
  </ItemGroup>
  <ItemGroup>
    <ClCompile Include="Game\AtomicApplication.cpp">
      <Filter>Game</Filter>
    </ClCompile>
    <ClCompile Include="Game\AtomicGame.cpp">
      <Filter>Game</Filter>
    </ClCompile>
    <ClCompile Include="Game\Message.cpp">
      <Filter>Game</Filter>
    </ClCompile>
    <ClCompile Include="Game\World.cpp">
      <Filter>Game</Filter>
    </ClCompile>
    <ClCompile Include="Graphics\CreateModelData.cpp">
      <Filter>Graphics</Filter>
    </ClCompile>
    <ClCompile Include="Graphics\ResourceManager.cpp">
      <Filter>Graphics</Filter>
    </ClCompile>
    <ClCompile Include="Graphics\Renderer.cpp">
      <Filter>Graphics</Filter>
    </ClCompile>
    <ClCompile Include="Graphics\Shader.cpp">
      <Filter>Graphics</Filter>
    </ClCompile>
    <ClCompile Include="shader\glsl_source.cpp">
      <Filter>Shader</Filter>
    </ClCompile>
    <ClCompile Include="main.cpp" />
    <ClCompile Include="stdafx.cpp" />
    <ClCompile Include="Sound\AtomicSound.cpp">
      <Filter>Sound</Filter>
    </ClCompile>
    <ClCompile Include="Game\Text.cpp">
      <Filter>Game</Filter>
    </ClCompile>
    <ClCompile Include="Game\DebugConsole.cpp">
      <Filter>Game</Filter>
    </ClCompile>
    <ClCompile Include="Graphics\CudaBuffer.cpp">
      <Filter>Graphics</Filter>
    </ClCompile>
    <ClCompile Include="Game\Entity.cpp">
      <Filter>Game</Filter>
    </ClCompile>
    <ClCompile Include="Game\SPHManager.cpp">
      <Filter>Game</Filter>
    </ClCompile>
    <ClCompile Include="Util.cpp" />
    <ClCompile Include="Game\Collision.cpp">
      <Filter>Game</Filter>
    </ClCompile>
    <ClCompile Include="Game\Entity\Enemy.cpp">
      <Filter>Game\Entity</Filter>
    </ClCompile>
    <ClCompile Include="Game\Entity\Level.cpp">
      <Filter>Game\Entity</Filter>
    </ClCompile>
    <ClCompile Include="Game\Entity\Player.cpp">
      <Filter>Game\Entity</Filter>
    </ClCompile>
    <ClCompile Include="Game\Entity\Routine.cpp">
      <Filter>Game\Entity</Filter>
    </ClCompile>
    <ClCompile Include="Game\Entity\Bullet.cpp">
      <Filter>Game\Entity</Filter>
    </ClCompile>
    <ClCompile Include="Game\Input.cpp">
      <Filter>Game</Filter>
    </ClCompile>
    <ClCompile Include="Game\VFX.cpp">
      <Filter>Game</Filter>
    </ClCompile>
    <ClCompile Include="Graphics\AtomicRenderingSystem.cpp">
      <Filter>Graphics</Filter>
    </ClCompile>
    <ClCompile Include="Graphics\Renderer_DeferredShading.cpp">
      <Filter>Graphics</Filter>
    </ClCompile>
    <ClCompile Include="Graphics\Renderer_ForwardShading.cpp">
      <Filter>Graphics</Filter>
    </ClCompile>
    <ClCompile Include="Graphics\Renderer_GBuffer.cpp">
      <Filter>Graphics</Filter>
    </ClCompile>
    <ClCompile Include="Graphics\Renderer_Postprocess.cpp">
      <Filter>Graphics</Filter>
    </ClCompile>
    <ClCompile Include="MemoryLeakBuster2.cpp" />
  </ItemGroup>
  <ItemGroup>
    <ClInclude Include="Game\AtomicApplication.h">
      <Filter>Game</Filter>
    </ClInclude>
    <ClInclude Include="Game\AtomicGame.h">
      <Filter>Game</Filter>
    </ClInclude>
    <ClInclude Include="Game\Message.h">
      <Filter>Game</Filter>
    </ClInclude>
    <ClInclude Include="Game\World.h">
      <Filter>Game</Filter>
    </ClInclude>
    <ClInclude Include="Graphics\CreateModelData.h">
      <Filter>Graphics</Filter>
    </ClInclude>
    <ClInclude Include="Graphics\ResourceManager.h">
      <Filter>Graphics</Filter>
    </ClInclude>
    <ClInclude Include="Graphics\Renderer.h">
      <Filter>Graphics</Filter>
    </ClInclude>
    <ClInclude Include="Graphics\Shader.h">
      <Filter>Graphics</Filter>
    </ClInclude>
    <ClInclude Include="shader\glsl_source.h">
      <Filter>Shader</Filter>
    </ClInclude>
    <ClInclude Include="types.h" />
    <ClInclude Include="stdafx.h" />
    <ClInclude Include="GPGPU\SPH.cuh">
      <Filter>GPGPU</Filter>
    </ClInclude>
    <ClInclude Include="Sound\AtomicSound.h">
      <Filter>Sound</Filter>
    </ClInclude>
    <ClInclude Include="Graphics\Light.h">
      <Filter>Graphics</Filter>
    </ClInclude>
    <ClInclude Include="Game\Text.h">
      <Filter>Game</Filter>
    </ClInclude>
    <ClInclude Include="Game\DebugConsole.h">
      <Filter>Game</Filter>
    </ClInclude>
    <ClInclude Include="Graphics\CudaBuffer.h">
      <Filter>Graphics</Filter>
    </ClInclude>
    <ClInclude Include="Game\Entity.h">
      <Filter>Game</Filter>
    </ClInclude>
    <ClInclude Include="Game\EntityQuery.h">
      <Filter>Game</Filter>
    </ClInclude>
    <ClInclude Include="features.h" />
    <ClInclude Include="Graphics\ResourceID.h">
      <Filter>Graphics</Filter>
    </ClInclude>
    <ClInclude Include="Game\Task.h">
      <Filter>Game</Filter>
    </ClInclude>
    <ClInclude Include="Game\SPHManager.h">
      <Filter>Game</Filter>
    </ClInclude>
    <ClInclude Include="Util.h" />
    <ClInclude Include="Game\EntityClass.h">
      <Filter>Game</Filter>
    </ClInclude>
    <ClInclude Include="Graphics\ParticleSet.h">
      <Filter>Graphics</Filter>
    </ClInclude>
    <ClInclude Include="Game\Collision.h">
      <Filter>Game</Filter>
    </ClInclude>
    <ClInclude Include="Game\Entity\Attributes.h">
      <Filter>Game\Entity</Filter>
    </ClInclude>
    <ClInclude Include="Game\Entity\Enemy.h">
      <Filter>Game\Entity</Filter>
    </ClInclude>
    <ClInclude Include="Game\Entity\Level.h">
      <Filter>Game\Entity</Filter>
    </ClInclude>
    <ClInclude Include="Game\Entity\Routine.h">
      <Filter>Game\Entity</Filter>
    </ClInclude>
    <ClInclude Include="Sound\SoundResourceID.h">
      <Filter>Sound</Filter>
    </ClInclude>
    <ClInclude Include="Game\Input.h">
      <Filter>Game</Filter>
    </ClInclude>
    <ClInclude Include="Game\VFX.h">
      <Filter>Game</Filter>
    </ClInclude>
    <ClInclude Include="Graphics\AtomicRenderingSystem.h">
      <Filter>Graphics</Filter>
    </ClInclude>
    <ClInclude Include="Graphics\Renderer_DeferredShading.h">
      <Filter>Graphics</Filter>
    </ClInclude>
    <ClInclude Include="Graphics\Renderer_ForwardShading.h">
      <Filter>Graphics</Filter>
    </ClInclude>
    <ClInclude Include="Graphics\Renderer_GBuffer.h">
      <Filter>Graphics</Filter>
    </ClInclude>
    <ClInclude Include="Graphics\Renderer_Postprocess.h">
      <Filter>Graphics</Filter>
    </ClInclude>
  </ItemGroup>
  <ItemGroup>
    <None Include="GPGPU\SPH_internal.cuh">
      <Filter>GPGPU</Filter>
    </None>
    <None Include="GPGPU\SPHRigid.cuh">
      <Filter>GPGPU</Filter>
    </None>
    <None Include="GPGPU\SPHFluid.cuh">
      <Filter>GPGPU</Filter>
    </None>
    <None Include="GPGPU\SPHForce.cuh">
      <Filter>GPGPU</Filter>
    </None>
    <None Include="GPGPU\SPH.cl">
      <Filter>GPGPU</Filter>
    </None>
  </ItemGroup>
  <ItemGroup>
    <CudaCompile Include="GPGPU\SPH.cu">
      <Filter>GPGPU</Filter>
    </CudaCompile>
  </ItemGroup>
</Project>