
Microsoft Visual Studio Solution File, Format Version 11.00
# Visual Studio 2010
Project("{8BC9CEB8-8B4A-11D0-8D11-00A0C91BC942}") = "shader", "shader.vcxproj", "{9EF1B96E-375A-46D3-9181-882E6EB3DA6A}"
EndProject
Project("{8BC9CEB8-8B4A-11D0-8D11-00A0C91BC942}") = "atomic_cuda", "atomic_cuda.vcxproj", "{A8F5B4BE-0942-4A93-BBFE-0716BEAC2551}"
	ProjectSection(ProjectDependencies) = postProject
		{9EF1B96E-375A-46D3-9181-882E6EB3DA6A} = {9EF1B96E-375A-46D3-9181-882E6EB3DA6A}
	EndProjectSection
EndProject
Global
	GlobalSection(SolutionConfigurationPlatforms) = preSolution
		Debug|Win32 = Debug|Win32
		Release|Win32 = Release|Win32
	EndGlobalSection
	GlobalSection(ProjectConfigurationPlatforms) = postSolution
		{9EF1B96E-375A-46D3-9181-882E6EB3DA6A}.Debug|Win32.ActiveCfg = Debug|Win32
		{9EF1B96E-375A-46D3-9181-882E6EB3DA6A}.Debug|Win32.Build.0 = Debug|Win32
		{9EF1B96E-375A-46D3-9181-882E6EB3DA6A}.Release|Win32.ActiveCfg = Release|Win32
		{9EF1B96E-375A-46D3-9181-882E6EB3DA6A}.Release|Win32.Build.0 = Release|Win32
		{A8F5B4BE-0942-4A93-BBFE-0716BEAC2551}.Debug|Win32.ActiveCfg = Debug|Win32
		{A8F5B4BE-0942-4A93-BBFE-0716BEAC2551}.Debug|Win32.Build.0 = Debug|Win32
		{A8F5B4BE-0942-4A93-BBFE-0716BEAC2551}.Release|Win32.ActiveCfg = Release|Win32
		{A8F5B4BE-0942-4A93-BBFE-0716BEAC2551}.Release|Win32.Build.0 = Release|Win32
	EndGlobalSection
	GlobalSection(SolutionProperties) = preSolution
		HideSolutionNode = FALSE
	EndGlobalSection
EndGlobal
