<?xml version="1.0" encoding="utf-8"?>
<Project ToolsVersion="4.0" xmlns="http://schemas.microsoft.com/developer/msbuild/2003">
  <ItemGroup>
    <Filter Include="Game">
      <UniqueIdentifier>{ea30a809-02f7-432f-8d07-b19fe2870d90}</UniqueIdentifier>
    </Filter>
    <Filter Include="Graphics">
      <UniqueIdentifier>{4befe200-1d0b-45fa-bf70-3fa44710a14a}</UniqueIdentifier>
    </Filter>
    <Filter Include="Sound">
      <UniqueIdentifier>{ae8965f0-cc3f-4ee1-bf6e-87b420fdae61}</UniqueIdentifier>
    </Filter>
    <Filter Include="Game\Entity">
      <UniqueIdentifier>{1f1a3bf3-079c-4653-90b2-5e697bd4f0df}</UniqueIdentifier>
    </Filter>
    <Filter Include="Network">
      <UniqueIdentifier>{e0808553-5455-4898-b12a-efbfd7e38736}</UniqueIdentifier>
    </Filter>
    <Filter Include="UI">
      <UniqueIdentifier>{405ff96c-19dd-4b7d-b8fe-512dd43ae5fb}</UniqueIdentifier>
    </Filter>
    <Filter Include="editor">
      <UniqueIdentifier>{87c5f29b-034a-471c-b4a1-f3e4c753435f}</UniqueIdentifier>
    </Filter>
  </ItemGroup>
  <ItemGroup>
    <ClCompile Include="Game\AtomicApplication.cpp">
      <Filter>Game</Filter>
    </ClCompile>
    <ClCompile Include="Game\AtomicGame.cpp">
      <Filter>Game</Filter>
    </ClCompile>
    <ClCompile Include="Game\Message.cpp">
      <Filter>Game</Filter>
    </ClCompile>
    <ClCompile Include="Game\World.cpp">
      <Filter>Game</Filter>
    </ClCompile>
    <ClCompile Include="Graphics\CreateModelData.cpp">
      <Filter>Graphics</Filter>
    </ClCompile>
    <ClCompile Include="Graphics\ResourceManager.cpp">
      <Filter>Graphics</Filter>
    </ClCompile>
    <ClCompile Include="Graphics\Renderer.cpp">
      <Filter>Graphics</Filter>
    </ClCompile>
    <ClCompile Include="Graphics\Shader.cpp">
      <Filter>Graphics</Filter>
    </ClCompile>
    <ClCompile Include="main.cpp" />
    <ClCompile Include="stdafx.cpp" />
    <ClCompile Include="Sound\AtomicSound.cpp">
      <Filter>Sound</Filter>
    </ClCompile>
    <ClCompile Include="Game\Text.cpp">
      <Filter>Game</Filter>
    </ClCompile>
    <ClCompile Include="Util.cpp" />
    <ClCompile Include="Game\Entity\Enemy.cpp">
      <Filter>Game\Entity</Filter>
    </ClCompile>
    <ClCompile Include="Game\Entity\Level.cpp">
      <Filter>Game\Entity</Filter>
    </ClCompile>
    <ClCompile Include="Game\Entity\Player.cpp">
      <Filter>Game\Entity</Filter>
    </ClCompile>
    <ClCompile Include="Game\Entity\Routine.cpp">
      <Filter>Game\Entity</Filter>
    </ClCompile>
    <ClCompile Include="Game\Input.cpp">
      <Filter>Game</Filter>
    </ClCompile>
    <ClCompile Include="Graphics\AtomicRenderingSystem.cpp">
      <Filter>Graphics</Filter>
    </ClCompile>
    <ClCompile Include="Graphics\Renderer_DeferredShading.cpp">
      <Filter>Graphics</Filter>
    </ClCompile>
    <ClCompile Include="Graphics\Renderer_ForwardShading.cpp">
      <Filter>Graphics</Filter>
    </ClCompile>
    <ClCompile Include="Graphics\Renderer_GBuffer.cpp">
      <Filter>Graphics</Filter>
    </ClCompile>
    <ClCompile Include="Graphics\Renderer_Postprocess.cpp">
      <Filter>Graphics</Filter>
    </ClCompile>
    <ClCompile Include="Network\GameServer.cpp">
      <Filter>Network</Filter>
    </ClCompile>
    <ClCompile Include="Network\LevelEditorServer.cpp">
      <Filter>Network</Filter>
    </ClCompile>
    <ClCompile Include="EnumStrings.cpp" />
    <ClCompile Include="CrashReport.cpp" />
    <ClCompile Include="Network\GameServerSession.cpp">
      <Filter>Network</Filter>
    </ClCompile>
    <ClCompile Include="Network\InputServerLocal.cpp">
      <Filter>Network</Filter>
    </ClCompile>
    <ClCompile Include="Network\InputServerNetwork.cpp">
      <Filter>Network</Filter>
    </ClCompile>
    <ClCompile Include="Network\InputServerReplay.cpp">
      <Filter>Network</Filter>
    </ClCompile>
    <ClCompile Include="Network\GameClient.cpp">
      <Filter>Network</Filter>
    </ClCompile>
    <ClCompile Include="Network\Protocol.cpp">
      <Filter>Network</Filter>
    </ClCompile>
    <ClCompile Include="MemoryLeakBuster.cpp" />
    <ClCompile Include="UI\Title.cpp">
      <Filter>UI</Filter>
    </ClCompile>
    <ClCompile Include="Game\Entity\Gear.cpp">
      <Filter>Game\Entity</Filter>
    </ClCompile>
    <ClCompile Include="Game\Entity\Carrier.cpp">
      <Filter>Game\Entity</Filter>
    </ClCompile>
    <ClCompile Include="Game\Entity\Obstacle.cpp">
      <Filter>Game\Entity</Filter>
    </ClCompile>
    <ClCompile Include="Game\Entity\EntityUtil.cpp">
      <Filter>Game\Entity</Filter>
    </ClCompile>
    <ClCompile Include="Game\Entity\LightEntity.cpp">
      <Filter>Game\Entity</Filter>
    </ClCompile>
    <ClCompile Include="Game\FluidModule.cpp">
      <Filter>Game</Filter>
    </ClCompile>
    <ClCompile Include="Game\CollisionModule.cpp">
      <Filter>Game</Filter>
    </ClCompile>
    <ClCompile Include="Game\VFXModule.cpp">
      <Filter>Game</Filter>
    </ClCompile>
    <ClCompile Include="Game\BulletModule.cpp">
      <Filter>Game</Filter>
    </ClCompile>
    <ClCompile Include="Game\EntityModule.cpp">
      <Filter>Game</Filter>
    </ClCompile>
    <ClCompile Include="Game\Entity\Projectile.cpp">
      <Filter>Game\Entity</Filter>
    </ClCompile>
    <ClCompile Include="Game\Entity\Fighter.cpp">
      <Filter>Game\Entity</Filter>
    </ClCompile>
    <ClCompile Include="Game\Entity\Turret.cpp">
      <Filter>Game\Entity</Filter>
    </ClCompile>
    <ClCompile Include="Game\Entity\Hatch.cpp">
      <Filter>Game\Entity</Filter>
    </ClCompile>
  </ItemGroup>
  <ItemGroup>
    <ClInclude Include="Game\AtomicApplication.h">
      <Filter>Game</Filter>
    </ClInclude>
    <ClInclude Include="Game\AtomicGame.h">
      <Filter>Game</Filter>
    </ClInclude>
    <ClInclude Include="Game\Message.h">
      <Filter>Game</Filter>
    </ClInclude>
    <ClInclude Include="Game\World.h">
      <Filter>Game</Filter>
    </ClInclude>
    <ClInclude Include="Graphics\CreateModelData.h">
      <Filter>Graphics</Filter>
    </ClInclude>
    <ClInclude Include="Graphics\ResourceManager.h">
      <Filter>Graphics</Filter>
    </ClInclude>
    <ClInclude Include="Graphics\Renderer.h">
      <Filter>Graphics</Filter>
    </ClInclude>
    <ClInclude Include="Graphics\Shader.h">
      <Filter>Graphics</Filter>
    </ClInclude>
    <ClInclude Include="types.h" />
    <ClInclude Include="stdafx.h" />
    <ClInclude Include="Sound\AtomicSound.h">
      <Filter>Sound</Filter>
    </ClInclude>
    <ClInclude Include="Graphics\Light.h">
      <Filter>Graphics</Filter>
    </ClInclude>
    <ClInclude Include="Game\Text.h">
      <Filter>Game</Filter>
    </ClInclude>
    <ClInclude Include="Game\EntityQuery.h">
      <Filter>Game</Filter>
    </ClInclude>
    <ClInclude Include="features.h" />
    <ClInclude Include="Graphics\ResourceID.h">
      <Filter>Graphics</Filter>
    </ClInclude>
    <ClInclude Include="Game\Task.h">
      <Filter>Game</Filter>
    </ClInclude>
    <ClInclude Include="Util.h" />
    <ClInclude Include="Game\EntityClass.h">
      <Filter>Game</Filter>
    </ClInclude>
    <ClInclude Include="Graphics\ParticleSet.h">
      <Filter>Graphics</Filter>
    </ClInclude>
    <ClInclude Include="Game\Entity\Enemy.h">
      <Filter>Game\Entity</Filter>
    </ClInclude>
    <ClInclude Include="Game\Entity\Level.h">
      <Filter>Game\Entity</Filter>
    </ClInclude>
    <ClInclude Include="Game\Entity\Routine.h">
      <Filter>Game\Entity</Filter>
    </ClInclude>
    <ClInclude Include="Sound\SoundResourceID.h">
      <Filter>Sound</Filter>
    </ClInclude>
    <ClInclude Include="Game\Input.h">
      <Filter>Game</Filter>
    </ClInclude>
    <ClInclude Include="Graphics\AtomicRenderingSystem.h">
      <Filter>Graphics</Filter>
    </ClInclude>
    <ClInclude Include="Graphics\Renderer_DeferredShading.h">
      <Filter>Graphics</Filter>
    </ClInclude>
    <ClInclude Include="Graphics\Renderer_ForwardShading.h">
      <Filter>Graphics</Filter>
    </ClInclude>
    <ClInclude Include="Graphics\Renderer_GBuffer.h">
      <Filter>Graphics</Filter>
    </ClInclude>
    <ClInclude Include="Graphics\Renderer_Postprocess.h">
      <Filter>Graphics</Filter>
    </ClInclude>
    <ClInclude Include="FunctionID.h" />
    <ClInclude Include="Network\GameServer.h">
      <Filter>Network</Filter>
    </ClInclude>
    <ClInclude Include="Network\LevelEditorServer.h">
      <Filter>Network</Filter>
    </ClInclude>
    <ClInclude Include="externals.h" />
    <ClInclude Include="Network\Protocol.h">
      <Filter>Network</Filter>
    </ClInclude>
    <ClInclude Include="Network\GameServerSession.h">
      <Filter>Network</Filter>
    </ClInclude>
    <ClInclude Include="Network\InputServer.h">
      <Filter>Network</Filter>
    </ClInclude>
    <ClInclude Include="Network\InputServerInternal.h">
      <Filter>Network</Filter>
    </ClInclude>
    <ClInclude Include="Network\LevelEditorCommand.h">
      <Filter>Network</Filter>
    </ClInclude>
    <ClInclude Include="Network\GameClient.h">
      <Filter>Network</Filter>
    </ClInclude>
    <ClInclude Include="UI\Title.h">
      <Filter>UI</Filter>
    </ClInclude>
    <ClInclude Include="Game\Entity\EntityCommon.h">
      <Filter>Game\Entity</Filter>
    </ClInclude>
    <ClInclude Include="Game\Entity\EntityUtil.h">
      <Filter>Game\Entity</Filter>
    </ClInclude>
    <ClInclude Include="Game\Entity\EntityTemplate.h">
      <Filter>Game\Entity</Filter>
    </ClInclude>
    <ClInclude Include="Game\Entity\EntityTransform.h">
      <Filter>Game\Entity</Filter>
    </ClInclude>
    <ClInclude Include="Game\Entity\EntityAttributes.h">
      <Filter>Game\Entity</Filter>
    </ClInclude>
    <ClInclude Include="Game\BulletModule.h">
      <Filter>Game</Filter>
    </ClInclude>
    <ClInclude Include="Game\FluidModule.h">
      <Filter>Game</Filter>
    </ClInclude>
    <ClInclude Include="Game\CollisionModule.h">
      <Filter>Game</Filter>
    </ClInclude>
    <ClInclude Include="Game\VFXModule.h">
      <Filter>Game</Filter>
    </ClInclude>
    <ClInclude Include="Game\EntityModule.h">
      <Filter>Game</Filter>
    </ClInclude>
  </ItemGroup>
  <ItemGroup>
    <None Include="editor\index.html">
      <Filter>editor</Filter>
    </None>
  </ItemGroup>
</Project>