<?xml version="1.0" encoding="utf-8"?>
<Project ToolsVersion="4.0" xmlns="http://schemas.microsoft.com/developer/msbuild/2003">
  <ItemGroup>
    <Filter Include="shader">
      <UniqueIdentifier>{0849537c-2187-4ccb-a173-dc9459c6e85d}</UniqueIdentifier>
    </Filter>
    <Filter Include="cl">
      <UniqueIdentifier>{57979fc1-d2c5-410f-8771-7a05c65c91b5}</UniqueIdentifier>
    </Filter>
  </ItemGroup>
  <ItemGroup>
    <None Include="shader\shader.rb" />
    <None Include="shader\RenderStates.glslh">
      <Filter>shader</Filter>
    </None>
    <None Include="shader\Common.glslh">
      <Filter>shader</Filter>
    </None>
    <None Include="shader\Semantics.glslh">
      <Filter>shader</Filter>
    </None>
    <None Include="shader\Deferred_PointLight.glsl">
      <Filter>shader</Filter>
    </None>
    <None Include="shader\GBuffer_Cube.glsl">
      <Filter>shader</Filter>
    </None>
    <None Include="shader\Out.glsl">
      <Filter>shader</Filter>
    </None>
    <None Include="shader\Bloom.glslh">
      <Filter>shader</Filter>
    </None>
    <None Include="shader\Bloom_Composite.glsl">
      <Filter>shader</Filter>
    </None>
    <None Include="shader\Bloom_HBlur.glsl">
      <Filter>shader</Filter>
    </None>
    <None Include="shader\Bloom_Luminance.glsl">
      <Filter>shader</Filter>
    </None>
    <None Include="shader\Bloom_VBlur.glsl">
      <Filter>shader</Filter>
    </None>
  </ItemGroup>
</Project>