<?xml version="1.0" encoding="utf-8"?>
<Project ToolsVersion="4.0" xmlns="http://schemas.microsoft.com/developer/msbuild/2003">
  <ItemGroup>
    <Filter Include="shader">
      <UniqueIdentifier>{0849537c-2187-4ccb-a173-dc9459c6e85d}</UniqueIdentifier>
    </Filter>
  </ItemGroup>
  <ItemGroup>
    <None Include="shader\shader.rb" />
    <None Include="shader\Deferred_PointLight.glsl">
      <Filter>shader</Filter>
    </None>
    <None Include="shader\Out.glsl">
      <Filter>shader</Filter>
    </None>
    <None Include="shader\Bloom_Composite.glsl">
      <Filter>shader</Filter>
    </None>
    <None Include="shader\Bloom_HBlur.glsl">
      <Filter>shader</Filter>
    </None>
    <None Include="shader\Bloom_Luminance.glsl">
      <Filter>shader</Filter>
    </None>
    <None Include="shader\Bloom_VBlur.glsl">
      <Filter>shader</Filter>
    </None>
    <None Include="shader\Deferred_DirectionalLight.glsl">
      <Filter>shader</Filter>
    </None>
    <None Include="shader\GBuffer_Rigid.glsl">
      <Filter>shader</Filter>
    </None>
    <None Include="shader\GBuffer_Fluid.glsl">
      <Filter>shader</Filter>
    </None>
    <None Include="shader\FXAA.glsl">
      <Filter>shader</Filter>
    </None>
    <None Include="shader\FXAA_luma.glsl">
      <Filter>shader</Filter>
    </None>
    <None Include="shader\Fade.glsl">
      <Filter>shader</Filter>
    </None>
    <None Include="shader\Fill.glsl">
      <Filter>shader</Filter>
    </None>
    <None Include="shader\GBuffer_FluidSpherical.glsl">
      <Filter>shader</Filter>
    </None>
    <None Include="shader\GBuffer_RigidSpherical.glsl">
      <Filter>shader</Filter>
    </None>
    <None Include="shader\DistanceField.glsl">
      <Filter>shader</Filter>
    </None>
    <None Include="shader\FillInstanced.glsl">
      <Filter>shader</Filter>
    </None>
    <None Include="shader\GBuffer_FluidBlood.glsl">
      <Filter>shader</Filter>
    </None>
    <None Include="shader\Postprocess_Microscopic.glsl">
      <Filter>shader</Filter>
    </None>
    <None Include="shader\Deferred_Bloodstain.glsl">
      <Filter>shader</Filter>
    </None>
    <None Include="shader\Debug_ShowRGB.glsl">
      <Filter>shader</Filter>
    </None>
    <None Include="shader\Debug_ShowAAA.glsl">
      <Filter>shader</Filter>
    </None>
    <None Include="shader\Deferred_Upsampling.glsl">
      <Filter>shader</Filter>
    </None>
    <None Include="shader\GBuffer_ParticleSpherical.glsl">
      <Filter>shader</Filter>
    </None>
  </ItemGroup>
  <ItemGroup>
    <ClInclude Include="shader\Fxaa3_11.h">
      <Filter>shader</Filter>
    </ClInclude>
    <ClInclude Include="shader\Bloom.h">
      <Filter>shader</Filter>
    </ClInclude>
    <ClInclude Include="shader\Common.h">
      <Filter>shader</Filter>
    </ClInclude>
    <ClInclude Include="shader\RenderStates.h">
      <Filter>shader</Filter>
    </ClInclude>
    <ClInclude Include="shader\Semantics.h">
      <Filter>shader</Filter>
    </ClInclude>
  </ItemGroup>
</Project>