<?xml version="1.0" encoding="utf-8"?>
<Project ToolsVersion="4.0" xmlns="http://schemas.microsoft.com/developer/msbuild/2003">
  <ItemGroup>
    <ClCompile Include="psymDOL.cpp" />
    <ClCompile Include="tasksys.cpp" />
    <ClCompile Include="psym.cpp" />
  </ItemGroup>
  <ItemGroup>
    <ClInclude Include="psymSoA.h" />
    <ClInclude Include="psymConst.h" />
    <ClInclude Include="ispc_vectormath.h" />
    <ClInclude Include="ispc_collision.h" />
    <ClInclude Include="psym.h" />
    <ClInclude Include="parallel_deterministic_sort.h" />
  </ItemGroup>
  <ItemGroup>
    <CustomBuild Include="psymCore.ispc" />
  </ItemGroup>
</Project>